// !$*UTF8*$!
{
	archiveVersion = 1;
	classes = {
	};
	objectVersion = 50;
	objects = {

/* Begin PBXBuildFile section */
		32AE3A3F258FD25000398C64 /* AppDelegate.swift in Sources */ = {isa = PBXBuildFile; fileRef = 32AE3A3E258FD25000398C64 /* AppDelegate.swift */; };
		32AE3A41258FD25000398C64 /* SceneDelegate.swift in Sources */ = {isa = PBXBuildFile; fileRef = 32AE3A40258FD25000398C64 /* SceneDelegate.swift */; };
		32AE3A43258FD25000398C64 /* ViewController.swift in Sources */ = {isa = PBXBuildFile; fileRef = 32AE3A42258FD25000398C64 /* ViewController.swift */; };
		32AE3A46258FD25000398C64 /* Main.storyboard in Resources */ = {isa = PBXBuildFile; fileRef = 32AE3A44258FD25000398C64 /* Main.storyboard */; };
		32AE3A48258FD25400398C64 /* Assets.xcassets in Resources */ = {isa = PBXBuildFile; fileRef = 32AE3A47258FD25400398C64 /* Assets.xcassets */; };
		32AE3A4B258FD25400398C64 /* LaunchScreen.storyboard in Resources */ = {isa = PBXBuildFile; fileRef = 32AE3A49258FD25400398C64 /* LaunchScreen.storyboard */; };
		32AE3A56258FD25600398C64 /* messenger_iosTests.swift in Sources */ = {isa = PBXBuildFile; fileRef = 32AE3A55258FD25600398C64 /* messenger_iosTests.swift */; };
		32AE3A61258FD25700398C64 /* messenger_iosUITests.swift in Sources */ = {isa = PBXBuildFile; fileRef = 32AE3A60258FD25700398C64 /* messenger_iosUITests.swift */; };
/* End PBXBuildFile section */

/* Begin PBXContainerItemProxy section */
		32AE3A52258FD25600398C64 /* PBXContainerItemProxy */ = {
			isa = PBXContainerItemProxy;
			containerPortal = 32AE3A33258FD25000398C64 /* Project object */;
			proxyType = 1;
			remoteGlobalIDString = 32AE3A3A258FD25000398C64;
			remoteInfo = "messenger-ios";
		};
		32AE3A5D258FD25600398C64 /* PBXContainerItemProxy */ = {
			isa = PBXContainerItemProxy;
			containerPortal = 32AE3A33258FD25000398C64 /* Project object */;
			proxyType = 1;
			remoteGlobalIDString = 32AE3A3A258FD25000398C64;
			remoteInfo = "messenger-ios";
		};
/* End PBXContainerItemProxy section */

/* Begin PBXFileReference section */
		32AE3A3B258FD25000398C64 /* messenger-ios.app */ = {isa = PBXFileReference; explicitFileType = wrapper.application; includeInIndex = 0; path = "messenger-ios.app"; sourceTree = BUILT_PRODUCTS_DIR; };
		32AE3A3E258FD25000398C64 /* AppDelegate.swift */ = {isa = PBXFileReference; lastKnownFileType = sourcecode.swift; path = AppDelegate.swift; sourceTree = "<group>"; };
		32AE3A40258FD25000398C64 /* SceneDelegate.swift */ = {isa = PBXFileReference; lastKnownFileType = sourcecode.swift; path = SceneDelegate.swift; sourceTree = "<group>"; };
		32AE3A42258FD25000398C64 /* ViewController.swift */ = {isa = PBXFileReference; lastKnownFileType = sourcecode.swift; path = ViewController.swift; sourceTree = "<group>"; };
		32AE3A45258FD25000398C64 /* Base */ = {isa = PBXFileReference; lastKnownFileType = file.storyboard; name = Base; path = Base.lproj/Main.storyboard; sourceTree = "<group>"; };
		32AE3A47258FD25400398C64 /* Assets.xcassets */ = {isa = PBXFileReference; lastKnownFileType = folder.assetcatalog; path = Assets.xcassets; sourceTree = "<group>"; };
		32AE3A4A258FD25400398C64 /* Base */ = {isa = PBXFileReference; lastKnownFileType = file.storyboard; name = Base; path = Base.lproj/LaunchScreen.storyboard; sourceTree = "<group>"; };
		32AE3A4C258FD25400398C64 /* Info.plist */ = {isa = PBXFileReference; lastKnownFileType = text.plist.xml; path = Info.plist; sourceTree = "<group>"; };
		32AE3A51258FD25600398C64 /* messenger-iosTests.xctest */ = {isa = PBXFileReference; explicitFileType = wrapper.cfbundle; includeInIndex = 0; path = "messenger-iosTests.xctest"; sourceTree = BUILT_PRODUCTS_DIR; };
		32AE3A55258FD25600398C64 /* messenger_iosTests.swift */ = {isa = PBXFileReference; lastKnownFileType = sourcecode.swift; path = messenger_iosTests.swift; sourceTree = "<group>"; };
		32AE3A57258FD25600398C64 /* Info.plist */ = {isa = PBXFileReference; lastKnownFileType = text.plist.xml; path = Info.plist; sourceTree = "<group>"; };
		32AE3A5C258FD25600398C64 /* messenger-iosUITests.xctest */ = {isa = PBXFileReference; explicitFileType = wrapper.cfbundle; includeInIndex = 0; path = "messenger-iosUITests.xctest"; sourceTree = BUILT_PRODUCTS_DIR; };
		32AE3A60258FD25700398C64 /* messenger_iosUITests.swift */ = {isa = PBXFileReference; lastKnownFileType = sourcecode.swift; path = messenger_iosUITests.swift; sourceTree = "<group>"; };
		32AE3A62258FD25700398C64 /* Info.plist */ = {isa = PBXFileReference; lastKnownFileType = text.plist.xml; path = Info.plist; sourceTree = "<group>"; };
/* End PBXFileReference section */

/* Begin PBXFrameworksBuildPhase section */
		32AE3A38258FD25000398C64 /* Frameworks */ = {
			isa = PBXFrameworksBuildPhase;
			buildActionMask = 2147483647;
			files = (
			);
			runOnlyForDeploymentPostprocessing = 0;
		};
		32AE3A4E258FD25600398C64 /* Frameworks */ = {
			isa = PBXFrameworksBuildPhase;
			buildActionMask = 2147483647;
			files = (
			);
			runOnlyForDeploymentPostprocessing = 0;
		};
		32AE3A59258FD25600398C64 /* Frameworks */ = {
			isa = PBXFrameworksBuildPhase;
			buildActionMask = 2147483647;
			files = (
			);
			runOnlyForDeploymentPostprocessing = 0;
		};
/* End PBXFrameworksBuildPhase section */

/* Begin PBXGroup section */
		32AE3A32258FD25000398C64 = {
			isa = PBXGroup;
			children = (
				32AE3A3D258FD25000398C64 /* messenger-ios */,
				32AE3A54258FD25600398C64 /* messenger-iosTests */,
				32AE3A5F258FD25600398C64 /* messenger-iosUITests */,
				32AE3A3C258FD25000398C64 /* Products */,
			);
			sourceTree = "<group>";
		};
		32AE3A3C258FD25000398C64 /* Products */ = {
			isa = PBXGroup;
			children = (
				32AE3A3B258FD25000398C64 /* messenger-ios.app */,
				32AE3A51258FD25600398C64 /* messenger-iosTests.xctest */,
				32AE3A5C258FD25600398C64 /* messenger-iosUITests.xctest */,
			);
			name = Products;
			sourceTree = "<group>";
		};
		32AE3A3D258FD25000398C64 /* messenger-ios */ = {
			isa = PBXGroup;
			children = (
				32AE3A3E258FD25000398C64 /* AppDelegate.swift */,
				32AE3A40258FD25000398C64 /* SceneDelegate.swift */,
				32AE3A42258FD25000398C64 /* ViewController.swift */,
				32AE3A44258FD25000398C64 /* Main.storyboard */,
				32AE3A47258FD25400398C64 /* Assets.xcassets */,
				32AE3A49258FD25400398C64 /* LaunchScreen.storyboard */,
				32AE3A4C258FD25400398C64 /* Info.plist */,
			);
			path = "messenger-ios";
			sourceTree = "<group>";
		};
		32AE3A54258FD25600398C64 /* messenger-iosTests */ = {
			isa = PBXGroup;
			children = (
				32AE3A55258FD25600398C64 /* messenger_iosTests.swift */,
				32AE3A57258FD25600398C64 /* Info.plist */,
			);
			path = "messenger-iosTests";
			sourceTree = "<group>";
		};
		32AE3A5F258FD25600398C64 /* messenger-iosUITests */ = {
			isa = PBXGroup;
			children = (
				32AE3A60258FD25700398C64 /* messenger_iosUITests.swift */,
				32AE3A62258FD25700398C64 /* Info.plist */,
			);
			path = "messenger-iosUITests";
			sourceTree = "<group>";
		};
/* End PBXGroup section */

/* Begin PBXNativeTarget section */
		32AE3A3A258FD25000398C64 /* messenger-ios */ = {
			isa = PBXNativeTarget;
			buildConfigurationList = 32AE3A65258FD25700398C64 /* Build configuration list for PBXNativeTarget "messenger-ios" */;
			buildPhases = (
				32AE3A37258FD25000398C64 /* Sources */,
				32AE3A38258FD25000398C64 /* Frameworks */,
				32AE3A39258FD25000398C64 /* Resources */,
			);
			buildRules = (
			);
			dependencies = (
			);
			name = "messenger-ios";
			productName = "messenger-ios";
			productReference = 32AE3A3B258FD25000398C64 /* messenger-ios.app */;
			productType = "com.apple.product-type.application";
		};
		32AE3A50258FD25600398C64 /* messenger-iosTests */ = {
			isa = PBXNativeTarget;
			buildConfigurationList = 32AE3A68258FD25700398C64 /* Build configuration list for PBXNativeTarget "messenger-iosTests" */;
			buildPhases = (
				32AE3A4D258FD25600398C64 /* Sources */,
				32AE3A4E258FD25600398C64 /* Frameworks */,
				32AE3A4F258FD25600398C64 /* Resources */,
			);
			buildRules = (
			);
			dependencies = (
				32AE3A53258FD25600398C64 /* PBXTargetDependency */,
			);
			name = "messenger-iosTests";
			productName = "messenger-iosTests";
			productReference = 32AE3A51258FD25600398C64 /* messenger-iosTests.xctest */;
			productType = "com.apple.product-type.bundle.unit-test";
		};
		32AE3A5B258FD25600398C64 /* messenger-iosUITests */ = {
			isa = PBXNativeTarget;
			buildConfigurationList = 32AE3A6B258FD25700398C64 /* Build configuration list for PBXNativeTarget "messenger-iosUITests" */;
			buildPhases = (
				32AE3A58258FD25600398C64 /* Sources */,
				32AE3A59258FD25600398C64 /* Frameworks */,
				32AE3A5A258FD25600398C64 /* Resources */,
			);
			buildRules = (
			);
			dependencies = (
				32AE3A5E258FD25600398C64 /* PBXTargetDependency */,
			);
			name = "messenger-iosUITests";
			productName = "messenger-iosUITests";
			productReference = 32AE3A5C258FD25600398C64 /* messenger-iosUITests.xctest */;
			productType = "com.apple.product-type.bundle.ui-testing";
		};
/* End PBXNativeTarget section */

/* Begin PBXProject section */
		32AE3A33258FD25000398C64 /* Project object */ = {
			isa = PBXProject;
			attributes = {
				LastSwiftUpdateCheck = 1200;
				LastUpgradeCheck = 1200;
				TargetAttributes = {
					32AE3A3A258FD25000398C64 = {
						CreatedOnToolsVersion = 12.0.1;
					};
					32AE3A50258FD25600398C64 = {
						CreatedOnToolsVersion = 12.0.1;
						TestTargetID = 32AE3A3A258FD25000398C64;
					};
					32AE3A5B258FD25600398C64 = {
						CreatedOnToolsVersion = 12.0.1;
						TestTargetID = 32AE3A3A258FD25000398C64;
					};
				};
			};
			buildConfigurationList = 32AE3A36258FD25000398C64 /* Build configuration list for PBXProject "messenger-ios" */;
			compatibilityVersion = "Xcode 9.3";
			developmentRegion = en;
			hasScannedForEncodings = 0;
			knownRegions = (
				en,
				Base,
			);
			mainGroup = 32AE3A32258FD25000398C64;
			productRefGroup = 32AE3A3C258FD25000398C64 /* Products */;
			projectDirPath = "";
			projectRoot = "";
			targets = (
				32AE3A3A258FD25000398C64 /* messenger-ios */,
				32AE3A50258FD25600398C64 /* messenger-iosTests */,
				32AE3A5B258FD25600398C64 /* messenger-iosUITests */,
			);
		};
/* End PBXProject section */

/* Begin PBXResourcesBuildPhase section */
		32AE3A39258FD25000398C64 /* Resources */ = {
			isa = PBXResourcesBuildPhase;
			buildActionMask = 2147483647;
			files = (
				32AE3A4B258FD25400398C64 /* LaunchScreen.storyboard in Resources */,
				32AE3A48258FD25400398C64 /* Assets.xcassets in Resources */,
				32AE3A46258FD25000398C64 /* Main.storyboard in Resources */,
			);
			runOnlyForDeploymentPostprocessing = 0;
		};
		32AE3A4F258FD25600398C64 /* Resources */ = {
			isa = PBXResourcesBuildPhase;
			buildActionMask = 2147483647;
			files = (
			);
			runOnlyForDeploymentPostprocessing = 0;
		};
		32AE3A5A258FD25600398C64 /* Resources */ = {
			isa = PBXResourcesBuildPhase;
			buildActionMask = 2147483647;
			files = (
			);
			runOnlyForDeploymentPostprocessing = 0;
		};
/* End PBXResourcesBuildPhase section */

/* Begin PBXSourcesBuildPhase section */
		32AE3A37258FD25000398C64 /* Sources */ = {
			isa = PBXSourcesBuildPhase;
			buildActionMask = 2147483647;
			files = (
				32AE3A43258FD25000398C64 /* ViewController.swift in Sources */,
				32AE3A3F258FD25000398C64 /* AppDelegate.swift in Sources */,
				32AE3A41258FD25000398C64 /* SceneDelegate.swift in Sources */,
			);
			runOnlyForDeploymentPostprocessing = 0;
		};
		32AE3A4D258FD25600398C64 /* Sources */ = {
			isa = PBXSourcesBuildPhase;
			buildActionMask = 2147483647;
			files = (
				32AE3A56258FD25600398C64 /* messenger_iosTests.swift in Sources */,
			);
			runOnlyForDeploymentPostprocessing = 0;
		};
		32AE3A58258FD25600398C64 /* Sources */ = {
			isa = PBXSourcesBuildPhase;
			buildActionMask = 2147483647;
			files = (
				32AE3A61258FD25700398C64 /* messenger_iosUITests.swift in Sources */,
			);
			runOnlyForDeploymentPostprocessing = 0;
		};
/* End PBXSourcesBuildPhase section */

/* Begin PBXTargetDependency section */
		32AE3A53258FD25600398C64 /* PBXTargetDependency */ = {
			isa = PBXTargetDependency;
			target = 32AE3A3A258FD25000398C64 /* messenger-ios */;
			targetProxy = 32AE3A52258FD25600398C64 /* PBXContainerItemProxy */;
		};
		32AE3A5E258FD25600398C64 /* PBXTargetDependency */ = {
			isa = PBXTargetDependency;
			target = 32AE3A3A258FD25000398C64 /* messenger-ios */;
			targetProxy = 32AE3A5D258FD25600398C64 /* PBXContainerItemProxy */;
		};
/* End PBXTargetDependency section */

/* Begin PBXVariantGroup section */
		32AE3A44258FD25000398C64 /* Main.storyboard */ = {
			isa = PBXVariantGroup;
			children = (
				32AE3A45258FD25000398C64 /* Base */,
			);
			name = Main.storyboard;
			sourceTree = "<group>";
		};
		32AE3A49258FD25400398C64 /* LaunchScreen.storyboard */ = {
			isa = PBXVariantGroup;
			children = (
				32AE3A4A258FD25400398C64 /* Base */,
			);
			name = LaunchScreen.storyboard;
			sourceTree = "<group>";
		};
/* End PBXVariantGroup section */

/* Begin XCBuildConfiguration section */
		32AE3A63258FD25700398C64 /* Debug */ = {
			isa = XCBuildConfiguration;
			buildSettings = {
				ALWAYS_SEARCH_USER_PATHS = NO;
				CLANG_ANALYZER_NONNULL = YES;
				CLANG_ANALYZER_NUMBER_OBJECT_CONVERSION = YES_AGGRESSIVE;
				CLANG_CXX_LANGUAGE_STANDARD = "gnu++14";
				CLANG_CXX_LIBRARY = "libc++";
				CLANG_ENABLE_MODULES = YES;
				CLANG_ENABLE_OBJC_ARC = YES;
				CLANG_ENABLE_OBJC_WEAK = YES;
				CLANG_WARN_BLOCK_CAPTURE_AUTORELEASING = YES;
				CLANG_WARN_BOOL_CONVERSION = YES;
				CLANG_WARN_COMMA = YES;
				CLANG_WARN_CONSTANT_CONVERSION = YES;
				CLANG_WARN_DEPRECATED_OBJC_IMPLEMENTATIONS = YES;
				CLANG_WARN_DIRECT_OBJC_ISA_USAGE = YES_ERROR;
				CLANG_WARN_DOCUMENTATION_COMMENTS = YES;
				CLANG_WARN_EMPTY_BODY = YES;
				CLANG_WARN_ENUM_CONVERSION = YES;
				CLANG_WARN_INFINITE_RECURSION = YES;
				CLANG_WARN_INT_CONVERSION = YES;
				CLANG_WARN_NON_LITERAL_NULL_CONVERSION = YES;
				CLANG_WARN_OBJC_IMPLICIT_RETAIN_SELF = YES;
				CLANG_WARN_OBJC_LITERAL_CONVERSION = YES;
				CLANG_WARN_OBJC_ROOT_CLASS = YES_ERROR;
				CLANG_WARN_QUOTED_INCLUDE_IN_FRAMEWORK_HEADER = YES;
				CLANG_WARN_RANGE_LOOP_ANALYSIS = YES;
				CLANG_WARN_STRICT_PROTOTYPES = YES;
				CLANG_WARN_SUSPICIOUS_MOVE = YES;
				CLANG_WARN_UNGUARDED_AVAILABILITY = YES_AGGRESSIVE;
				CLANG_WARN_UNREACHABLE_CODE = YES;
				CLANG_WARN__DUPLICATE_METHOD_MATCH = YES;
				COPY_PHASE_STRIP = NO;
				DEBUG_INFORMATION_FORMAT = dwarf;
				ENABLE_STRICT_OBJC_MSGSEND = YES;
				ENABLE_TESTABILITY = YES;
				GCC_C_LANGUAGE_STANDARD = gnu11;
				GCC_DYNAMIC_NO_PIC = NO;
				GCC_NO_COMMON_BLOCKS = YES;
				GCC_OPTIMIZATION_LEVEL = 0;
				GCC_PREPROCESSOR_DEFINITIONS = (
					"DEBUG=1",
					"$(inherited)",
				);
				GCC_WARN_64_TO_32_BIT_CONVERSION = YES;
				GCC_WARN_ABOUT_RETURN_TYPE = YES_ERROR;
				GCC_WARN_UNDECLARED_SELECTOR = YES;
				GCC_WARN_UNINITIALIZED_AUTOS = YES_AGGRESSIVE;
				GCC_WARN_UNUSED_FUNCTION = YES;
				GCC_WARN_UNUSED_VARIABLE = YES;
				IPHONEOS_DEPLOYMENT_TARGET = 14.0;
				MTL_ENABLE_DEBUG_INFO = INCLUDE_SOURCE;
				MTL_FAST_MATH = YES;
				ONLY_ACTIVE_ARCH = YES;
				SDKROOT = iphoneos;
				SWIFT_ACTIVE_COMPILATION_CONDITIONS = DEBUG;
				SWIFT_OPTIMIZATION_LEVEL = "-Onone";
			};
			name = Debug;
		};
		32AE3A64258FD25700398C64 /* Release */ = {
			isa = XCBuildConfiguration;
			buildSettings = {
				ALWAYS_SEARCH_USER_PATHS = NO;
				CLANG_ANALYZER_NONNULL = YES;
				CLANG_ANALYZER_NUMBER_OBJECT_CONVERSION = YES_AGGRESSIVE;
				CLANG_CXX_LANGUAGE_STANDARD = "gnu++14";
				CLANG_CXX_LIBRARY = "libc++";
				CLANG_ENABLE_MODULES = YES;
				CLANG_ENABLE_OBJC_ARC = YES;
				CLANG_ENABLE_OBJC_WEAK = YES;
				CLANG_WARN_BLOCK_CAPTURE_AUTORELEASING = YES;
				CLANG_WARN_BOOL_CONVERSION = YES;
				CLANG_WARN_COMMA = YES;
				CLANG_WARN_CONSTANT_CONVERSION = YES;
				CLANG_WARN_DEPRECATED_OBJC_IMPLEMENTATIONS = YES;
				CLANG_WARN_DIRECT_OBJC_ISA_USAGE = YES_ERROR;
				CLANG_WARN_DOCUMENTATION_COMMENTS = YES;
				CLANG_WARN_EMPTY_BODY = YES;
				CLANG_WARN_ENUM_CONVERSION = YES;
				CLANG_WARN_INFINITE_RECURSION = YES;
				CLANG_WARN_INT_CONVERSION = YES;
				CLANG_WARN_NON_LITERAL_NULL_CONVERSION = YES;
				CLANG_WARN_OBJC_IMPLICIT_RETAIN_SELF = YES;
				CLANG_WARN_OBJC_LITERAL_CONVERSION = YES;
				CLANG_WARN_OBJC_ROOT_CLASS = YES_ERROR;
				CLANG_WARN_QUOTED_INCLUDE_IN_FRAMEWORK_HEADER = YES;
				CLANG_WARN_RANGE_LOOP_ANALYSIS = YES;
				CLANG_WARN_STRICT_PROTOTYPES = YES;
				CLANG_WARN_SUSPICIOUS_MOVE = YES;
				CLANG_WARN_UNGUARDED_AVAILABILITY = YES_AGGRESSIVE;
				CLANG_WARN_UNREACHABLE_CODE = YES;
				CLANG_WARN__DUPLICATE_METHOD_MATCH = YES;
				COPY_PHASE_STRIP = NO;
				DEBUG_INFORMATION_FORMAT = "dwarf-with-dsym";
				ENABLE_NS_ASSERTIONS = NO;
				ENABLE_STRICT_OBJC_MSGSEND = YES;
				GCC_C_LANGUAGE_STANDARD = gnu11;
				GCC_NO_COMMON_BLOCKS = YES;
				GCC_WARN_64_TO_32_BIT_CONVERSION = YES;
				GCC_WARN_ABOUT_RETURN_TYPE = YES_ERROR;
				GCC_WARN_UNDECLARED_SELECTOR = YES;
				GCC_WARN_UNINITIALIZED_AUTOS = YES_AGGRESSIVE;
				GCC_WARN_UNUSED_FUNCTION = YES;
				GCC_WARN_UNUSED_VARIABLE = YES;
				IPHONEOS_DEPLOYMENT_TARGET = 14.0;
				MTL_ENABLE_DEBUG_INFO = NO;
				MTL_FAST_MATH = YES;
				SDKROOT = iphoneos;
				SWIFT_COMPILATION_MODE = wholemodule;
				SWIFT_OPTIMIZATION_LEVEL = "-O";
				VALIDATE_PRODUCT = YES;
			};
			name = Release;
		};
		32AE3A66258FD25700398C64 /* Debug */ = {
			isa = XCBuildConfiguration;
			buildSettings = {
				ASSETCATALOG_COMPILER_APPICON_NAME = AppIcon;
				ASSETCATALOG_COMPILER_GLOBAL_ACCENT_COLOR_NAME = AccentColor;
				CODE_SIGN_STYLE = Automatic;
				INFOPLIST_FILE = "messenger-ios/Info.plist";
				LD_RUNPATH_SEARCH_PATHS = (
					"$(inherited)",
					"@executable_path/Frameworks",
				);
				PRODUCT_BUNDLE_IDENTIFIER = "KMD-1337.messenger-ios";
				PRODUCT_NAME = "$(TARGET_NAME)";
				SWIFT_VERSION = 5.0;
				TARGETED_DEVICE_FAMILY = "1,2";
			};
			name = Debug;
		};
		32AE3A67258FD25700398C64 /* Release */ = {
			isa = XCBuildConfiguration;
			buildSettings = {
				ASSETCATALOG_COMPILER_APPICON_NAME = AppIcon;
				ASSETCATALOG_COMPILER_GLOBAL_ACCENT_COLOR_NAME = AccentColor;
				CODE_SIGN_STYLE = Automatic;
				INFOPLIST_FILE = "messenger-ios/Info.plist";
				LD_RUNPATH_SEARCH_PATHS = (
					"$(inherited)",
					"@executable_path/Frameworks",
				);
				PRODUCT_BUNDLE_IDENTIFIER = "KMD-1337.messenger-ios";
				PRODUCT_NAME = "$(TARGET_NAME)";
				SWIFT_VERSION = 5.0;
				TARGETED_DEVICE_FAMILY = "1,2";
			};
			name = Release;
		};
		32AE3A69258FD25700398C64 /* Debug */ = {
			isa = XCBuildConfiguration;
			buildSettings = {
				ALWAYS_EMBED_SWIFT_STANDARD_LIBRARIES = YES;
				BUNDLE_LOADER = "$(TEST_HOST)";
				CODE_SIGN_STYLE = Automatic;
				INFOPLIST_FILE = "messenger-iosTests/Info.plist";
				IPHONEOS_DEPLOYMENT_TARGET = 14.0;
				LD_RUNPATH_SEARCH_PATHS = (
					"$(inherited)",
					"@executable_path/Frameworks",
					"@loader_path/Frameworks",
				);
				PRODUCT_BUNDLE_IDENTIFIER = "KMD-1337.messenger-iosTests";
				PRODUCT_NAME = "$(TARGET_NAME)";
				SWIFT_VERSION = 5.0;
				TARGETED_DEVICE_FAMILY = "1,2";
				TEST_HOST = "$(BUILT_PRODUCTS_DIR)/messenger-ios.app/messenger-ios";
			};
			name = Debug;
		};
		32AE3A6A258FD25700398C64 /* Release */ = {
			isa = XCBuildConfiguration;
			buildSettings = {
				ALWAYS_EMBED_SWIFT_STANDARD_LIBRARIES = YES;
				BUNDLE_LOADER = "$(TEST_HOST)";
				CODE_SIGN_STYLE = Automatic;
				INFOPLIST_FILE = "messenger-iosTests/Info.plist";
				IPHONEOS_DEPLOYMENT_TARGET = 14.0;
				LD_RUNPATH_SEARCH_PATHS = (
					"$(inherited)",
					"@executable_path/Frameworks",
					"@loader_path/Frameworks",
				);
				PRODUCT_BUNDLE_IDENTIFIER = "KMD-1337.messenger-iosTests";
				PRODUCT_NAME = "$(TARGET_NAME)";
				SWIFT_VERSION = 5.0;
				TARGETED_DEVICE_FAMILY = "1,2";
				TEST_HOST = "$(BUILT_PRODUCTS_DIR)/messenger-ios.app/messenger-ios";
			};
			name = Release;
		};
		32AE3A6C258FD25700398C64 /* Debug */ = {
			isa = XCBuildConfiguration;
			buildSettings = {
				ALWAYS_EMBED_SWIFT_STANDARD_LIBRARIES = YES;
				CODE_SIGN_STYLE = Automatic;
				INFOPLIST_FILE = "messenger-iosUITests/Info.plist";
				LD_RUNPATH_SEARCH_PATHS = (
					"$(inherited)",
					"@executable_path/Frameworks",
					"@loader_path/Frameworks",
				);
				PRODUCT_BUNDLE_IDENTIFIER = "KMD-1337.messenger-iosUITests";
				PRODUCT_NAME = "$(TARGET_NAME)";
				SWIFT_VERSION = 5.0;
				TARGETED_DEVICE_FAMILY = "1,2";
				TEST_TARGET_NAME = "messenger-ios";
			};
			name = Debug;
		};
		32AE3A6D258FD25700398C64 /* Release */ = {
			isa = XCBuildConfiguration;
			buildSettings = {
				ALWAYS_EMBED_SWIFT_STANDARD_LIBRARIES = YES;
				CODE_SIGN_STYLE = Automatic;
				INFOPLIST_FILE = "messenger-iosUITests/Info.plist";
				LD_RUNPATH_SEARCH_PATHS = (
					"$(inherited)",
					"@executable_path/Frameworks",
					"@loader_path/Frameworks",
				);
				PRODUCT_BUNDLE_IDENTIFIER = "KMD-1337.messenger-iosUITests";
				PRODUCT_NAME = "$(TARGET_NAME)";
				SWIFT_VERSION = 5.0;
				TARGETED_DEVICE_FAMILY = "1,2";
				TEST_TARGET_NAME = "messenger-ios";
			};
			name = Release;
		};
/* End XCBuildConfiguration section */

/* Begin XCConfigurationList section */
		32AE3A36258FD25000398C64 /* Build configuration list for PBXProject "messenger-ios" */ = {
			isa = XCConfigurationList;
			buildConfigurations = (
				32AE3A63258FD25700398C64 /* Debug */,
				32AE3A64258FD25700398C64 /* Release */,
			);
			defaultConfigurationIsVisible = 0;
			defaultConfigurationName = Release;
		};
		32AE3A65258FD25700398C64 /* Build configuration list for PBXNativeTarget "messenger-ios" */ = {
			isa = XCConfigurationList;
			buildConfigurations = (
				32AE3A66258FD25700398C64 /* Debug */,
				32AE3A67258FD25700398C64 /* Release */,
			);
			defaultConfigurationIsVisible = 0;
			defaultConfigurationName = Release;
		};
		32AE3A68258FD25700398C64 /* Build configuration list for PBXNativeTarget "messenger-iosTests" */ = {
			isa = XCConfigurationList;
			buildConfigurations = (
				32AE3A69258FD25700398C64 /* Debug */,
				32AE3A6A258FD25700398C64 /* Release */,
			);
			defaultConfigurationIsVisible = 0;
			defaultConfigurationName = Release;
		};
		32AE3A6B258FD25700398C64 /* Build configuration list for PBXNativeTarget "messenger-iosUITests" */ = {
			isa = XCConfigurationList;
			buildConfigurations = (
				32AE3A6C258FD25700398C64 /* Debug */,
				32AE3A6D258FD25700398C64 /* Release */,
			);
			defaultConfigurationIsVisible = 0;
			defaultConfigurationName = Release;
		};
/* End XCConfigurationList section */
	};
	rootObject = 32AE3A33258FD25000398C64 /* Project object */;
}
